
Microsoft Visual Studio Solution File, Format Version 12.00
# Visual Studio Version 16
VisualStudioVersion = 16.0.30225.117
MinimumVisualStudioVersion = 10.0.40219.1
Project("{9A19103F-16F7-4668-BE54-9A1E7A4F7556}") = "PatchPdfText", "PatchPdfText.csproj", "{A00BBDAC-11B6-441F-8B03-0A6715618E61}"
EndProject
Global
	GlobalSection(SolutionConfigurationPlatforms) = preSolution
		Debug|Any CPU = Debug|Any CPU
		Release|Any CPU = Release|Any CPU
	EndGlobalSection
	GlobalSection(ProjectConfigurationPlatforms) = postSolution
		{A00BBDAC-11B6-441F-8B03-0A6715618E61}.Debug|Any CPU.ActiveCfg = Debug|Any CPU
		{A00BBDAC-11B6-441F-8B03-0A6715618E61}.Debug|Any CPU.Build.0 = Debug|Any CPU
		{A00BBDAC-11B6-441F-8B03-0A6715618E61}.Release|Any CPU.ActiveCfg = Release|Any CPU
		{A00BBDAC-11B6-441F-8B03-0A6715618E61}.Release|Any CPU.Build.0 = Release|Any CPU
	EndGlobalSection
	GlobalSection(SolutionProperties) = preSolution
		HideSolutionNode = FALSE
	EndGlobalSection
	GlobalSection(ExtensibilityGlobals) = postSolution
		SolutionGuid = {D686B861-ACE4-4A4A-9772-26482311768B}
	EndGlobalSection
EndGlobal
